
Microsoft Visual Studio Solution File, Format Version 12.00
# Visual Studio Version 17
VisualStudioVersion = 17.7.34031.279
MinimumVisualStudioVersion = 10.0.40219.1
Project("{FAE04EC0-301F-11D3-BF4B-00C04F79EFBC}") = "Pdf2Image", "Pdf2Image.csproj", "{9B3618EC-5E01-4340-9AE2-7906EB0D8C4B}"
EndProject
Global
	GlobalSection(SolutionConfigurationPlatforms) = preSolution
		Debug|Any CPU = Debug|Any CPU
		Release|Any CPU = Release|Any CPU
	EndGlobalSection
	GlobalSection(ProjectConfigurationPlatforms) = postSolution
		{9B3618EC-5E01-4340-9AE2-7906EB0D8C4B}.Debug|Any CPU.ActiveCfg = Debug|Any CPU
		{9B3618EC-5E01-4340-9AE2-7906EB0D8C4B}.Debug|Any CPU.Build.0 = Debug|Any CPU
		{9B3618EC-5E01-4340-9AE2-7906EB0D8C4B}.Release|Any CPU.ActiveCfg = Release|Any CPU
		{9B3618EC-5E01-4340-9AE2-7906EB0D8C4B}.Release|Any CPU.Build.0 = Release|Any CPU
	EndGlobalSection
	GlobalSection(SolutionProperties) = preSolution
		HideSolutionNode = FALSE
	EndGlobalSection
	GlobalSection(ExtensibilityGlobals) = postSolution
		SolutionGuid = {F31C4984-C3F0-40D7-97E2-CAD7098C3D0A}
	EndGlobalSection
EndGlobal
